
Microsoft Visual Studio Solution File, Format Version 12.00
# Visual Studio Version 16
VisualStudioVersion = 16.0.29613.14
MinimumVisualStudioVersion = 10.0.40219.1
Project("{FAE04EC0-301F-11D3-BF4B-00C04F79EFBC}") = "variabel", "variabel.csproj", "{CCAC5B9D-7AC8-4E9A-B0A7-EA96A4563D0E}"
EndProject
Global
	GlobalSection(SolutionConfigurationPlatforms) = preSolution
		Debug|Any CPU = Debug|Any CPU
		Release|Any CPU = Release|Any CPU
	EndGlobalSection
	GlobalSection(ProjectConfigurationPlatforms) = postSolution
		{CCAC5B9D-7AC8-4E9A-B0A7-EA96A4563D0E}.Debug|Any CPU.ActiveCfg = Debug|Any CPU
		{CCAC5B9D-7AC8-4E9A-B0A7-EA96A4563D0E}.Debug|Any CPU.Build.0 = Debug|Any CPU
		{CCAC5B9D-7AC8-4E9A-B0A7-EA96A4563D0E}.Release|Any CPU.ActiveCfg = Release|Any CPU
		{CCAC5B9D-7AC8-4E9A-B0A7-EA96A4563D0E}.Release|Any CPU.Build.0 = Release|Any CPU
	EndGlobalSection
	GlobalSection(SolutionProperties) = preSolution
		HideSolutionNode = FALSE
	EndGlobalSection
	GlobalSection(ExtensibilityGlobals) = postSolution
		SolutionGuid = {C79A6ECC-1EE4-4BC2-8E19-DDF97867DB06}
	EndGlobalSection
EndGlobal
