
Microsoft Visual Studio Solution File, Format Version 12.00
# Visual Studio Version 16
VisualStudioVersion = 16.0.29613.14
MinimumVisualStudioVersion = 10.0.40219.1
Project("{FAE04EC0-301F-11D3-BF4B-00C04F79EFBC}") = "WorkingWithNumber", "WorkingWithNumber.csproj", "{2FDB136D-39AA-4351-860D-42318184BB25}"
EndProject
Global
	GlobalSection(SolutionConfigurationPlatforms) = preSolution
		Debug|Any CPU = Debug|Any CPU
		Release|Any CPU = Release|Any CPU
	EndGlobalSection
	GlobalSection(ProjectConfigurationPlatforms) = postSolution
		{2FDB136D-39AA-4351-860D-42318184BB25}.Debug|Any CPU.ActiveCfg = Debug|Any CPU
		{2FDB136D-39AA-4351-860D-42318184BB25}.Debug|Any CPU.Build.0 = Debug|Any CPU
		{2FDB136D-39AA-4351-860D-42318184BB25}.Release|Any CPU.ActiveCfg = Release|Any CPU
		{2FDB136D-39AA-4351-860D-42318184BB25}.Release|Any CPU.Build.0 = Release|Any CPU
	EndGlobalSection
	GlobalSection(SolutionProperties) = preSolution
		HideSolutionNode = FALSE
	EndGlobalSection
	GlobalSection(ExtensibilityGlobals) = postSolution
		SolutionGuid = {CC78EE47-778E-4184-BFE2-07EFAED21CC3}
	EndGlobalSection
EndGlobal
